
Microsoft Visual Studio Solution File, Format Version 12.00
# Visual Studio Version 17
VisualStudioVersion = 17.10.35013.160
MinimumVisualStudioVersion = 10.0.40219.1
Project("{9A19103F-16F7-4668-BE54-9A1E7A4F7556}") = "LibraryManagement", "LibraryManagement\LibraryManagement.csproj", "{E7A5E794-3815-48FF-A8A8-A8878DF454FD}"
EndProject
Project("{FAE04EC0-301F-11D3-BF4B-00C04F79EFBC}") = "ClassLibrary", "ClassLibrary\ClassLibrary.csproj", "{7988532D-1457-46DC-A06E-005214FC80C4}"
EndProject
Global
	GlobalSection(SolutionConfigurationPlatforms) = preSolution
		Debug|Any CPU = Debug|Any CPU
		Release|Any CPU = Release|Any CPU
	EndGlobalSection
	GlobalSection(ProjectConfigurationPlatforms) = postSolution
		{E7A5E794-3815-48FF-A8A8-A8878DF454FD}.Debug|Any CPU.ActiveCfg = Debug|Any CPU
		{E7A5E794-3815-48FF-A8A8-A8878DF454FD}.Debug|Any CPU.Build.0 = Debug|Any CPU
		{E7A5E794-3815-48FF-A8A8-A8878DF454FD}.Release|Any CPU.ActiveCfg = Release|Any CPU
		{E7A5E794-3815-48FF-A8A8-A8878DF454FD}.Release|Any CPU.Build.0 = Release|Any CPU
		{7988532D-1457-46DC-A06E-005214FC80C4}.Debug|Any CPU.ActiveCfg = Debug|Any CPU
		{7988532D-1457-46DC-A06E-005214FC80C4}.Debug|Any CPU.Build.0 = Debug|Any CPU
		{7988532D-1457-46DC-A06E-005214FC80C4}.Release|Any CPU.ActiveCfg = Release|Any CPU
		{7988532D-1457-46DC-A06E-005214FC80C4}.Release|Any CPU.Build.0 = Release|Any CPU
	EndGlobalSection
	GlobalSection(SolutionProperties) = preSolution
		HideSolutionNode = FALSE
	EndGlobalSection
	GlobalSection(ExtensibilityGlobals) = postSolution
		SolutionGuid = {7B5850CB-678B-46B8-943E-F9FAD926DD30}
	EndGlobalSection
EndGlobal
